
Microsoft Visual Studio Solution File, Format Version 12.00
# Visual Studio Version 17
VisualStudioVersion = 17.0.31903.59
MinimumVisualStudioVersion = 10.0.40219.1
Project("{FAE04EC0-301F-11D3-BF4B-00C04F79EFBC}") = "CoreApi", "CoreApi.csproj", "{F26D28C7-69B4-4B26-8ABF-B9D89283DA4E}"
EndProject
Global
	GlobalSection(SolutionConfigurationPlatforms) = preSolution
		Debug|Any CPU = Debug|Any CPU
		Release|Any CPU = Release|Any CPU
	EndGlobalSection
	GlobalSection(ProjectConfigurationPlatforms) = postSolution
		{F26D28C7-69B4-4B26-8ABF-B9D89283DA4E}.Debug|Any CPU.ActiveCfg = Debug|Any CPU
		{F26D28C7-69B4-4B26-8ABF-B9D89283DA4E}.Debug|Any CPU.Build.0 = Debug|Any CPU
		{F26D28C7-69B4-4B26-8ABF-B9D89283DA4E}.Release|Any CPU.ActiveCfg = Release|Any CPU
		{F26D28C7-69B4-4B26-8ABF-B9D89283DA4E}.Release|Any CPU.Build.0 = Release|Any CPU
	EndGlobalSection
	GlobalSection(SolutionProperties) = preSolution
		HideSolutionNode = FALSE
	EndGlobalSection
	GlobalSection(ExtensibilityGlobals) = postSolution
		SolutionGuid = {8BB925F9-1F5F-457B-B719-6D44F12E9075}
	EndGlobalSection
EndGlobal
